{
  "name": "easyplanner-app",
  "lockfileVersion": 3,
  "requires": true,
  "packages": {
    "": {
      "name": "easyplanner-app",
      "dependencies": {
        "@boltffi/runtime": "*"
      }
    },
    "node_modules/@boltffi/runtime": {
      "version": "0.25.0",
      "resolved": "https://registry.npmjs.org/@boltffi/runtime/-/runtime-0.25.0.tgz",
      "integrity": "sha512-d94lT/u6yZ29ulBY3mKMI9YifQ+boICy7FVkhY7vhBDU9l6NcmVTeazKqLuH7gi6+NxR3Q1Ls7EJ1hVIreAMfg==",
      "license": "MIT"
    }
  }
}
